{
    "_meta": {
        "hash": {
            "sha256": "f4d7b6febbf45b4acc7806cf402a18b0c3d1af37216d8c2908e5855906f63076"
        },
        "pipfile-spec": 6,
        "requires": {
            "python_version": "3.8"
        },
        "sources": [
            {
                "name": "pypi",
                "url": "https://pypi.org/simple",
                "verify_ssl": true
            }
        ]
    },
    "default": {
        "astroid": {
            "hashes": [
                "sha256:4db03ab5fc3340cf619dbc25e42c2cc3755154ce6009469766d7143d1fc2ee4e",
                "sha256:8a398dfce302c13f14bab13e2b14fe385d32b73f4e4853b9bdfb64598baa1975"
            ],
            "markers": "python_version ~= '3.6'",
            "version": "==2.5.6"
        },
        "click": {
            "hashes": [
                "sha256:d2b5255c7c6349bc1bd1e59e08cd12acbbd63ce649f2588755783aa94dfb6b1a",
                "sha256:dacca89f4bfadd5de3d7489b7c8a566eee0d3676333fbb50030263894c38c0dc"
            ],
            "index": "pypi",
            "version": "==7.1.2"
        },
        "isal": {
            "hashes": [
                "sha256:048b42e400c47f73c74ef954ffda2fc19343a2361f01ea152d9dce0e86e1774f",
                "sha256:15244b2f322db51b8b82fa28fcdd04c834b6a48d35370a291748109a2d99f7ef",
                "sha256:170b8bd8fc070eeffafcb307c7b6903101ba2fd83556a4cf3a27f3e905a37a96",
                "sha256:25d5f8ddda78becfaa33697c6ea14011592abef621e1d65d7917c8120da4f772",
                "sha256:3f89471065c2837d1235877dbdcdbd8b7649068723026b0582010fa106a71ff3",
                "sha256:47af91b5118d7dc1254ac51cec7314e13d4588b645a27f160dfe695177d90a00",
                "sha256:528db67c1d84ab0e00cf59301f1bc87975f80c7f8eadcfd07e6354ea67300706",
                "sha256:58f01e3055b975e4db8e8cb2f49fdef2e1a5f00cd5dccbd743341c35160c74f1",
                "sha256:5d6d7cec728261fea0e68041a634750183fbdd0c0c4e179ba6974136f843c8d5",
                "sha256:7e2d81fafda8c6c6f4646f97e9f62c7a675304699c66e60ab8420962f507e056",
                "sha256:99a9fa6bbd7dab14c3ff80f6c52f206cc28abd9f4b086eda98e54b447ade8fbf",
                "sha256:9e8e940e761e4331eb7bb1e018cf0d9a9b3aa2903d20dffabf538cdf6cfe4e11",
                "sha256:9f177283963f5a8d749fdb2337534849b410b63696722b192a0dcf7c69279337",
                "sha256:a41dfa9d6eff4a14ecba961ff8d27f186103e061833bc68b8c2b75fed144a8f3",
                "sha256:a783a7296545bac55223cb19ff1ac756252e8b54899cfcbdb36c4c6a354ab269",
                "sha256:aa08af6755310cf1c906c837e4254e38cc0e735ec5a1758210b927c95504d3fd",
                "sha256:c3e32e5917b1a6d5243850fcf2c06795621b93906e84b975c2d0f1e35602649f",
                "sha256:cb39030a48b5d2e500a3a1ab45cf86ea952f138b01a8f73b8119e00929bfa706",
                "sha256:ec6f761c5f89ca387bf6d684e639c99f8247abf2029a894f174394f59c4e15eb",
                "sha256:ef1ce02ebd203e72256f31019300833f621fef2b7ebe0e4573678b23149d8522",
                "sha256:f39a1991154332584700080abd1c4c605bfc90c4634430d703c5c0755b23747e",
                "sha256:f63d8da54c17c79cfc510f8510accb8b029cf049f2e3e88889d0a1f3d2762e83",
                "sha256:f79c581257bdb771dbc15090eeb7e588798ec01ca2ade7d818dbf0a1e0dabd69"
            ],
            "markers": "sys_platform == 'linux' and platform_python_implementation != 'PyPy'",
            "version": "==0.10.0"
        },
        "isort": {
            "hashes": [
                "sha256:0a943902919f65c5684ac4e0154b1ad4fac6dcaa5d9f3426b732f1c8b5419be6",
                "sha256:2bb1680aad211e3c9944dbce1d4ba09a989f04e238296c87fe2139faa26d655d"
            ],
            "markers": "python_version >= '3.6' and python_version < '4.0'",
            "version": "==5.8.0"
        },
        "lazy-object-proxy": {
            "hashes": [
                "sha256:17e0967ba374fc24141738c69736da90e94419338fd4c7c7bef01ee26b339653",
                "sha256:1fee665d2638491f4d6e55bd483e15ef21f6c8c2095f235fef72601021e64f61",
                "sha256:22ddd618cefe54305df49e4c069fa65715be4ad0e78e8d252a33debf00f6ede2",
                "sha256:24a5045889cc2729033b3e604d496c2b6f588c754f7a62027ad4437a7ecc4837",
                "sha256:410283732af311b51b837894fa2f24f2c0039aa7f220135192b38fcc42bd43d3",
                "sha256:4732c765372bd78a2d6b2150a6e99d00a78ec963375f236979c0626b97ed8e43",
                "sha256:489000d368377571c6f982fba6497f2aa13c6d1facc40660963da62f5c379726",
                "sha256:4f60460e9f1eb632584c9685bccea152f4ac2130e299784dbaf9fae9f49891b3",
                "sha256:5743a5ab42ae40caa8421b320ebf3a998f89c85cdc8376d6b2e00bd12bd1b587",
                "sha256:85fb7608121fd5621cc4377a8961d0b32ccf84a7285b4f1d21988b2eae2868e8",
                "sha256:9698110e36e2df951c7c36b6729e96429c9c32b3331989ef19976592c5f3c77a",
                "sha256:9d397bf41caad3f489e10774667310d73cb9c4258e9aed94b9ec734b34b495fd",
                "sha256:b579f8acbf2bdd9ea200b1d5dea36abd93cabf56cf626ab9c744a432e15c815f",
                "sha256:b865b01a2e7f96db0c5d12cfea590f98d8c5ba64ad222300d93ce6ff9138bcad",
                "sha256:bf34e368e8dd976423396555078def5cfc3039ebc6fc06d1ae2c5a65eebbcde4",
                "sha256:c6938967f8528b3668622a9ed3b31d145fab161a32f5891ea7b84f6b790be05b",
                "sha256:d1c2676e3d840852a2de7c7d5d76407c772927addff8d742b9808fe0afccebdf",
                "sha256:d7124f52f3bd259f510651450e18e0fd081ed82f3c08541dffc7b94b883aa981",
                "sha256:d900d949b707778696fdf01036f58c9876a0d8bfe116e8d220cfd4b15f14e741",
                "sha256:ebfd274dcd5133e0afae738e6d9da4323c3eb021b3e13052d8cbd0e457b1256e",
                "sha256:ed361bb83436f117f9917d282a456f9e5009ea12fd6de8742d1a4752c3017e93",
                "sha256:f5144c75445ae3ca2057faac03fda5a902eff196702b0a24daf1d6ce0650514b"
            ],
            "markers": "python_version >= '2.7' and python_version not in '3.0, 3.1, 3.2, 3.3, 3.4, 3.5'",
            "version": "==1.6.0"
        },
        "matsim-tools": {
            "hashes": [
                "sha256:168d2cddff9aadd2461017b1fbd10ffe621f7f03ba7021bebacb81101e7c2b48",
                "sha256:88e12eeb4f3354f298ef3dc9d3646aa4865132c84decee405cd6130bc4663d29"
            ],
            "index": "pypi",
            "version": "==0.0.10"
        },
        "mccabe": {
            "hashes": [
                "sha256:ab8a6258860da4b6677da4bd2fe5dc2c659cff31b3ee4f7f5d64e79735b80d42",
                "sha256:dd8d182285a0fe56bace7f45b5e7d1a6ebcbf524e8f3bd87eb0f125271b8831f"
            ],
            "version": "==0.6.1"
        },
        "numpy": {
            "hashes": [
                "sha256:2428b109306075d89d21135bdd6b785f132a1f5a3260c371cee1fae427e12727",
                "sha256:377751954da04d4a6950191b20539066b4e19e3b559d4695399c5e8e3e683bf6",
                "sha256:4703b9e937df83f5b6b7447ca5912b5f5f297aba45f91dbbbc63ff9278c7aa98",
                "sha256:471c0571d0895c68da309dacee4e95a0811d0a9f9f532a48dc1bea5f3b7ad2b7",
                "sha256:61d5b4cf73622e4d0c6b83408a16631b670fc045afd6540679aa35591a17fe6d",
                "sha256:6c915ee7dba1071554e70a3664a839fbc033e1d6528199d4621eeaaa5487ccd2",
                "sha256:6e51e417d9ae2e7848314994e6fc3832c9d426abce9328cf7571eefceb43e6c9",
                "sha256:719656636c48be22c23641859ff2419b27b6bdf844b36a2447cb39caceb00935",
                "sha256:780ae5284cb770ade51d4b4a7dce4faa554eb1d88a56d0e8b9f35fca9b0270ff",
                "sha256:878922bf5ad7550aa044aa9301d417e2d3ae50f0f577de92051d739ac6096cee",
                "sha256:924dc3f83de20437de95a73516f36e09918e9c9c18d5eac520062c49191025fb",
                "sha256:97ce8b8ace7d3b9288d88177e66ee75480fb79b9cf745e91ecfe65d91a856042",
                "sha256:9c0fab855ae790ca74b27e55240fe4f2a36a364a3f1ebcfd1fb5ac4088f1cec3",
                "sha256:9cab23439eb1ebfed1aaec9cd42b7dc50fc96d5cd3147da348d9161f0501ada5",
                "sha256:a8e6859913ec8eeef3dbe9aed3bf475347642d1cdd6217c30f28dee8903528e6",
                "sha256:aa046527c04688af680217fffac61eec2350ef3f3d7320c07fd33f5c6e7b4d5f",
                "sha256:abc81829c4039e7e4c30f7897938fa5d4916a09c2c7eb9b244b7a35ddc9656f4",
                "sha256:bad70051de2c50b1a6259a6df1daaafe8c480ca98132da98976d8591c412e737",
                "sha256:c73a7975d77f15f7f68dacfb2bca3d3f479f158313642e8ea9058eea06637931",
                "sha256:d15007f857d6995db15195217afdbddfcd203dfaa0ba6878a2f580eaf810ecd6",
                "sha256:d76061ae5cab49b83a8cf3feacefc2053fac672728802ac137dd8c4123397677",
                "sha256:e8e4fbbb7e7634f263c5b0150a629342cc19b47c5eba8d1cd4363ab3455ab576",
                "sha256:e9459f40244bb02b2f14f6af0cd0732791d72232bbb0dc4bab57ef88e75f6935",
                "sha256:edb1f041a9146dcf02cd7df7187db46ab524b9af2515f392f337c7cbbf5b52cd"
            ],
            "markers": "python_version >= '3.7'",
            "version": "==1.20.2"
        },
        "pandas": {
            "hashes": [
                "sha256:167693a80abc8eb28051fbd184c1b7afd13ce2c727a5af47b048f1ea3afefff4",
                "sha256:2111c25e69fa9365ba80bbf4f959400054b2771ac5d041ed19415a8b488dc70a",
                "sha256:298f0553fd3ba8e002c4070a723a59cdb28eda579f3e243bc2ee397773f5398b",
                "sha256:2b063d41803b6a19703b845609c0b700913593de067b552a8b24dd8eeb8c9895",
                "sha256:2cb7e8f4f152f27dc93f30b5c7a98f6c748601ea65da359af734dd0cf3fa733f",
                "sha256:52d2472acbb8a56819a87aafdb8b5b6d2b3386e15c95bde56b281882529a7ded",
                "sha256:612add929bf3ba9d27b436cc8853f5acc337242d6b584203f207e364bb46cb12",
                "sha256:649ecab692fade3cbfcf967ff936496b0cfba0af00a55dfaacd82bdda5cb2279",
                "sha256:68d7baa80c74aaacbed597265ca2308f017859123231542ff8a5266d489e1858",
                "sha256:8d4c74177c26aadcfb4fd1de6c1c43c2bf822b3e0fc7a9b409eeaf84b3e92aaa",
                "sha256:971e2a414fce20cc5331fe791153513d076814d30a60cd7348466943e6e909e4",
                "sha256:9db70ffa8b280bb4de83f9739d514cd0735825e79eef3a61d312420b9f16b758",
                "sha256:b730add5267f873b3383c18cac4df2527ac4f0f0eed1c6cf37fcb437e25cf558",
                "sha256:bd659c11a4578af740782288cac141a322057a2e36920016e0fc7b25c5a4b686",
                "sha256:c601c6fdebc729df4438ec1f62275d6136a0dd14d332fc0e8ce3f7d2aadb4dd6",
                "sha256:d0877407359811f7b853b548a614aacd7dea83b0c0c84620a9a643f180060950"
            ],
            "markers": "python_full_version >= '3.7.1'",
            "version": "==1.2.4"
        },
        "protobuf": {
            "hashes": [
                "sha256:0277f62b1e42210cafe79a71628c1d553348da81cbd553402a7f7549c50b11d0",
                "sha256:07eec4e2ccbc74e95bb9b3afe7da67957947ee95bdac2b2e91b038b832dd71f0",
                "sha256:1c0e9e56202b9dccbc094353285a252e2b7940b74fdf75f1b4e1b137833fabd7",
                "sha256:1f0b5d156c3df08cc54bc2c8b8b875648ea4cd7ebb2a9a130669f7547ec3488c",
                "sha256:2dc0e8a9e4962207bdc46a365b63a3f1aca6f9681a5082a326c5837ef8f4b745",
                "sha256:3053f13207e7f13dc7be5e9071b59b02020172f09f648e85dc77e3fcb50d1044",
                "sha256:4a054b0b5900b7ea7014099e783fb8c4618e4209fffcd6050857517b3f156e18",
                "sha256:510e66491f1a5ac5953c908aa8300ec47f793130097e4557482803b187a8ee05",
                "sha256:5ff9fa0e67fcab442af9bc8d4ec3f82cb2ff3be0af62dba047ed4187f0088b7d",
                "sha256:90270fe5732c1f1ff664a3bd7123a16456d69b4e66a09a139a00443a32f210b8",
                "sha256:a0a08c6b2e6d6c74a6eb5bf6184968eefb1569279e78714e239d33126e753403",
                "sha256:c5566f956a26cda3abdfacc0ca2e21db6c9f3d18f47d8d4751f2209d6c1a5297",
                "sha256:dab75b56a12b1ceb3e40808b5bd9dfdaef3a1330251956e6744e5b6ed8f8830b",
                "sha256:efa4c4d4fc9ba734e5e85eaced70e1b63fb3c8d08482d839eb838566346f1737",
                "sha256:f17b352d7ce33c81773cf81d536ca70849de6f73c96413f17309f4b43ae7040b",
                "sha256:f42c2f5fb67da5905bfc03733a311f72fa309252bcd77c32d1462a1ad519521e",
                "sha256:f6077db37bfa16494dca58a4a02bfdacd87662247ad6bc1f7f8d13ff3f0013e1",
                "sha256:f80afc0a0ba13339bbab25ca0409e9e2836b12bb012364c06e97c2df250c3343",
                "sha256:f9cadaaa4065d5dd4d15245c3b68b967b3652a3108e77f292b58b8c35114b56c",
                "sha256:fad4f971ec38d8df7f4b632c819bf9bbf4f57cfd7312cf526c69ce17ef32436a"
            ],
            "version": "==3.15.8"
        },
        "pylint": {
            "hashes": [
                "sha256:586d8fa9b1891f4b725f587ef267abe2a1bad89d6b184520c7f07a253dd6e217",
                "sha256:f7e2072654a6b6afdf5e2fb38147d3e2d2d43c89f648637baab63e026481279b"
            ],
            "index": "pypi",
            "version": "==2.8.2"
        },
        "python-dateutil": {
            "hashes": [
                "sha256:73ebfe9dbf22e832286dafa60473e4cd239f8592f699aa5adaf10050e6e1823c",
                "sha256:75bb3f31ea686f1197762692a9ee6a7550b59fc6ca3a1f4b5d7e32fb98e2da2a"
            ],
            "markers": "python_version >= '2.7' and python_version not in '3.0, 3.1, 3.2, 3.3'",
            "version": "==2.8.1"
        },
        "pytz": {
            "hashes": [
                "sha256:83a4a90894bf38e243cf052c8b58f381bfe9a7a483f6a9cab140bc7f702ac4da",
                "sha256:eb10ce3e7736052ed3623d49975ce333bcd712c7bb19a58b9e2089d4057d0798"
            ],
            "version": "==2021.1"
        },
        "six": {
            "hashes": [
                "sha256:1e61c37477a1626458e36f7b1d82aa5c9b094fa4802892072e49de9c60c4c926",
                "sha256:8abb2f1d86890a2dfb989f9a77cfcfd3e47c2a354b01111771326f8aa26e0254"
            ],
            "markers": "python_version >= '2.7' and python_version not in '3.0, 3.1, 3.2, 3.3'",
            "version": "==1.16.0"
        },
        "toml": {
            "hashes": [
                "sha256:806143ae5bfb6a3c6e736a764057db0e6a0e05e338b5630894a5f779cabb4f9b",
                "sha256:b3bda1d108d5dd99f4a20d24d9c348e91c4db7ab1b749200bded2f839ccbe68f"
            ],
            "markers": "python_version >= '2.6' and python_version not in '3.0, 3.1, 3.2, 3.3'",
            "version": "==0.10.2"
        },
        "wrapt": {
            "hashes": [
                "sha256:b62ffa81fb85f4332a4f609cab4ac40709470da05643a082ec1eb88e6d9b97d7"
            ],
            "version": "==1.12.1"
        },
        "xopen": {
            "hashes": [
                "sha256:38277eb96313b2e8822e19e793791801a1f41bf13ee5b48616a97afc65e9adb3",
                "sha256:6e57d7f0598bc589bb230390ef006ab5c9f1127bbc3e8257c82f0539f8ac9436"
            ],
            "markers": "python_version >= '3.6'",
            "version": "==1.1.0"
        }
    },
    "develop": {}
}
